
Microsoft Visual Studio Solution File, Format Version 11.00
# Visual Studio 2010
Project("{FAE04EC0-301F-11D3-BF4B-00C04F79EFBC}") = "Philly311sms", "Philly311sms\Philly311sms.csproj", "{E778A43C-0846-4D8C-9CF4-159B89F8370A}"
EndProject
Global
	GlobalSection(SolutionConfigurationPlatforms) = preSolution
		Debug|Any CPU = Debug|Any CPU
		Release|Any CPU = Release|Any CPU
	EndGlobalSection
	GlobalSection(ProjectConfigurationPlatforms) = postSolution
		{E778A43C-0846-4D8C-9CF4-159B89F8370A}.Debug|Any CPU.ActiveCfg = Debug|Any CPU
		{E778A43C-0846-4D8C-9CF4-159B89F8370A}.Debug|Any CPU.Build.0 = Debug|Any CPU
		{E778A43C-0846-4D8C-9CF4-159B89F8370A}.Release|Any CPU.ActiveCfg = Release|Any CPU
		{E778A43C-0846-4D8C-9CF4-159B89F8370A}.Release|Any CPU.Build.0 = Release|Any CPU
	EndGlobalSection
	GlobalSection(SolutionProperties) = preSolution
		HideSolutionNode = FALSE
	EndGlobalSection
EndGlobal
